
Microsoft Visual Studio Solution File, Format Version 12.00
# Visual Studio Version 17
VisualStudioVersion = 17.3.32922.545
MinimumVisualStudioVersion = 10.0.40219.1
Project("{FAE04EC0-301F-11D3-BF4B-00C04F79EFBC}") = "POO_Aula03_SistemaDeCadastro", "POO_Aula03_SistemaDeCadastro\POO_Aula03_SistemaDeCadastro.csproj", "{EA433250-4ACE-4372-836E-0E63D47621FE}"
EndProject
Global
	GlobalSection(SolutionConfigurationPlatforms) = preSolution
		Debug|Any CPU = Debug|Any CPU
		Release|Any CPU = Release|Any CPU
	EndGlobalSection
	GlobalSection(ProjectConfigurationPlatforms) = postSolution
		{EA433250-4ACE-4372-836E-0E63D47621FE}.Debug|Any CPU.ActiveCfg = Debug|Any CPU
		{EA433250-4ACE-4372-836E-0E63D47621FE}.Debug|Any CPU.Build.0 = Debug|Any CPU
		{EA433250-4ACE-4372-836E-0E63D47621FE}.Release|Any CPU.ActiveCfg = Release|Any CPU
		{EA433250-4ACE-4372-836E-0E63D47621FE}.Release|Any CPU.Build.0 = Release|Any CPU
	EndGlobalSection
	GlobalSection(SolutionProperties) = preSolution
		HideSolutionNode = FALSE
	EndGlobalSection
	GlobalSection(ExtensibilityGlobals) = postSolution
		SolutionGuid = {DB3D097B-AD34-4CEC-9326-CDFF1E124ECC}
	EndGlobalSection
EndGlobal
