
Microsoft Visual Studio Solution File, Format Version 12.00
# Visual Studio Version 17
VisualStudioVersion = 17.3.32922.545
MinimumVisualStudioVersion = 10.0.40219.1
Project("{FAE04EC0-301F-11D3-BF4B-00C04F79EFBC}") = "Aula_POO_01", "Aula_POO_01\Aula_POO_01.csproj", "{1795FCF6-13C1-4875-8BB7-071CB0DACD61}"
EndProject
Global
	GlobalSection(SolutionConfigurationPlatforms) = preSolution
		Debug|Any CPU = Debug|Any CPU
		Release|Any CPU = Release|Any CPU
	EndGlobalSection
	GlobalSection(ProjectConfigurationPlatforms) = postSolution
		{1795FCF6-13C1-4875-8BB7-071CB0DACD61}.Debug|Any CPU.ActiveCfg = Debug|Any CPU
		{1795FCF6-13C1-4875-8BB7-071CB0DACD61}.Debug|Any CPU.Build.0 = Debug|Any CPU
		{1795FCF6-13C1-4875-8BB7-071CB0DACD61}.Release|Any CPU.ActiveCfg = Release|Any CPU
		{1795FCF6-13C1-4875-8BB7-071CB0DACD61}.Release|Any CPU.Build.0 = Release|Any CPU
	EndGlobalSection
	GlobalSection(SolutionProperties) = preSolution
		HideSolutionNode = FALSE
	EndGlobalSection
	GlobalSection(ExtensibilityGlobals) = postSolution
		SolutionGuid = {46A7D48E-40A0-4C01-80A0-435EEA872902}
	EndGlobalSection
EndGlobal
