
Microsoft Visual Studio Solution File, Format Version 12.00
# Visual Studio Version 17
VisualStudioVersion = 17.3.32922.545
MinimumVisualStudioVersion = 10.0.40219.1
Project("{FAE04EC0-301F-11D3-BF4B-00C04F79EFBC}") = "POO_Aula02_App02", "POO_Aula02_App02\POO_Aula02_App02.csproj", "{B14D95B6-D441-4740-8EB4-7BAA41E3F2F5}"
EndProject
Global
	GlobalSection(SolutionConfigurationPlatforms) = preSolution
		Debug|Any CPU = Debug|Any CPU
		Release|Any CPU = Release|Any CPU
	EndGlobalSection
	GlobalSection(ProjectConfigurationPlatforms) = postSolution
		{B14D95B6-D441-4740-8EB4-7BAA41E3F2F5}.Debug|Any CPU.ActiveCfg = Debug|Any CPU
		{B14D95B6-D441-4740-8EB4-7BAA41E3F2F5}.Debug|Any CPU.Build.0 = Debug|Any CPU
		{B14D95B6-D441-4740-8EB4-7BAA41E3F2F5}.Release|Any CPU.ActiveCfg = Release|Any CPU
		{B14D95B6-D441-4740-8EB4-7BAA41E3F2F5}.Release|Any CPU.Build.0 = Release|Any CPU
	EndGlobalSection
	GlobalSection(SolutionProperties) = preSolution
		HideSolutionNode = FALSE
	EndGlobalSection
	GlobalSection(ExtensibilityGlobals) = postSolution
		SolutionGuid = {BEB97A69-43D6-48A8-A97C-73E62E3CCAA7}
	EndGlobalSection
EndGlobal
