
Microsoft Visual Studio Solution File, Format Version 12.00
# Visual Studio Version 17
VisualStudioVersion = 17.3.32922.545
MinimumVisualStudioVersion = 10.0.40219.1
Project("{FAE04EC0-301F-11D3-BF4B-00C04F79EFBC}") = "Aula04_POO_AppInvestimento", "Aula04_POO_AppInvestimento\Aula04_POO_AppInvestimento.csproj", "{D49D64F8-F98A-4C0A-ADB3-D58370CC2F42}"
EndProject
Global
	GlobalSection(SolutionConfigurationPlatforms) = preSolution
		Debug|Any CPU = Debug|Any CPU
		Release|Any CPU = Release|Any CPU
	EndGlobalSection
	GlobalSection(ProjectConfigurationPlatforms) = postSolution
		{D49D64F8-F98A-4C0A-ADB3-D58370CC2F42}.Debug|Any CPU.ActiveCfg = Debug|Any CPU
		{D49D64F8-F98A-4C0A-ADB3-D58370CC2F42}.Debug|Any CPU.Build.0 = Debug|Any CPU
		{D49D64F8-F98A-4C0A-ADB3-D58370CC2F42}.Release|Any CPU.ActiveCfg = Release|Any CPU
		{D49D64F8-F98A-4C0A-ADB3-D58370CC2F42}.Release|Any CPU.Build.0 = Release|Any CPU
	EndGlobalSection
	GlobalSection(SolutionProperties) = preSolution
		HideSolutionNode = FALSE
	EndGlobalSection
	GlobalSection(ExtensibilityGlobals) = postSolution
		SolutionGuid = {0625E4B8-EA74-4100-822D-3DB8D3EE80BB}
	EndGlobalSection
EndGlobal
