
Microsoft Visual Studio Solution File, Format Version 12.00
# Visual Studio Version 17
VisualStudioVersion = 17.3.32922.545
MinimumVisualStudioVersion = 10.0.40219.1
Project("{FAE04EC0-301F-11D3-BF4B-00C04F79EFBC}") = "QuizTesteForm", "QuizTesteForm\QuizTesteForm.csproj", "{18C5D359-8403-41D2-853B-3AA7C9429B64}"
EndProject
Global
	GlobalSection(SolutionConfigurationPlatforms) = preSolution
		Debug|Any CPU = Debug|Any CPU
		Release|Any CPU = Release|Any CPU
	EndGlobalSection
	GlobalSection(ProjectConfigurationPlatforms) = postSolution
		{18C5D359-8403-41D2-853B-3AA7C9429B64}.Debug|Any CPU.ActiveCfg = Debug|Any CPU
		{18C5D359-8403-41D2-853B-3AA7C9429B64}.Debug|Any CPU.Build.0 = Debug|Any CPU
		{18C5D359-8403-41D2-853B-3AA7C9429B64}.Release|Any CPU.ActiveCfg = Release|Any CPU
		{18C5D359-8403-41D2-853B-3AA7C9429B64}.Release|Any CPU.Build.0 = Release|Any CPU
	EndGlobalSection
	GlobalSection(SolutionProperties) = preSolution
		HideSolutionNode = FALSE
	EndGlobalSection
	GlobalSection(ExtensibilityGlobals) = postSolution
		SolutionGuid = {D2D305E8-0713-4B84-8934-1308AE9F5B61}
	EndGlobalSection
EndGlobal
